Microsoft Visual Studio Solution File, Format Version 12.00
# Visual Studio Version 17
MinimumVisualStudioVersion = 10.0.40219.1
Project("{7120f040-503b-40c2-a2cb-3e62e407cde1}") = "UrbGEN.Components", "UrbGEN.Components\UrbGEN.Components.csproj", "{1824be42-84c5-40d5-8831-8b57801f9005}"
EndProject

Global
	GlobalSection(SolutionConfigurationPlatforms) = preSolution
		Debug|Any CPU = Debug|Any CPU
		Release|Any CPU = Release|Any CPU
	EndGlobalSection
	GlobalSection(ProjectConfigurationPlatforms) = postSolution
		{1824be42-84c5-40d5-8831-8b57801f9005}.Debug|Any CPU.ActiveCfg = Debug|Any CPU
		{1824be42-84c5-40d5-8831-8b57801f9005}.Debug|Any CPU.Build.0 = Debug|Any CPU
		{1824be42-84c5-40d5-8831-8b57801f9005}.Release|Any CPU.ActiveCfg = Release|Any CPU
		{1824be42-84c5-40d5-8831-8b57801f9005}.Release|Any CPU.Build.0 = Release|Any CPU
	EndGlobalSection
EndGlobal
